
Microsoft Visual Studio Solution File, Format Version 12.00
# Visual Studio Version 16
VisualStudioVersion = 16.0.30225.117
MinimumVisualStudioVersion = 10.0.40219.1
Project("{FAE04EC0-301F-11D3-BF4B-00C04F79EFBC}") = "Lab_4.1", "Lab_4.1.csproj", "{48938D74-2854-4041-9660-25910DC82C28}"
EndProject
Global
	GlobalSection(SolutionConfigurationPlatforms) = preSolution
		Debug|Any CPU = Debug|Any CPU
		Release|Any CPU = Release|Any CPU
	EndGlobalSection
	GlobalSection(ProjectConfigurationPlatforms) = postSolution
		{48938D74-2854-4041-9660-25910DC82C28}.Debug|Any CPU.ActiveCfg = Debug|Any CPU
		{48938D74-2854-4041-9660-25910DC82C28}.Debug|Any CPU.Build.0 = Debug|Any CPU
		{48938D74-2854-4041-9660-25910DC82C28}.Release|Any CPU.ActiveCfg = Release|Any CPU
		{48938D74-2854-4041-9660-25910DC82C28}.Release|Any CPU.Build.0 = Release|Any CPU
	EndGlobalSection
	GlobalSection(SolutionProperties) = preSolution
		HideSolutionNode = FALSE
	EndGlobalSection
	GlobalSection(ExtensibilityGlobals) = postSolution
		SolutionGuid = {5FE36BEA-0604-4953-9B9A-8918284AE6AA}
	EndGlobalSection
EndGlobal
